
Microsoft Visual Studio Solution File, Format Version 11.00
# Visual Studio 2010
Project("{FAE04EC0-301F-11D3-BF4B-00C04F79EFBC}") = "Unity.Timeline", "Unity.Timeline.csproj", "{7bfac56c-6970-184a-ba0a-153abdc36b95}"
EndProject
Project("{FAE04EC0-301F-11D3-BF4B-00C04F79EFBC}") = "Unity.Timeline.Editor", "Unity.Timeline.Editor.csproj", "{000adccc-dba1-ae79-fc3b-717b0aad8206}"
EndProject
Project("{FAE04EC0-301F-11D3-BF4B-00C04F79EFBC}") = "Unity.TextMeshPro.Editor", "Unity.TextMeshPro.Editor.csproj", "{9b2327cd-3fde-82f4-d44b-dc8a51036994}"
EndProject
Project("{FAE04EC0-301F-11D3-BF4B-00C04F79EFBC}") = "Unity.VisualScripting.Flow", "Unity.VisualScripting.Flow.csproj", "{c87f7cf2-2f88-9db7-b7c7-ec0c1e1db69e}"
EndProject
Project("{FAE04EC0-301F-11D3-BF4B-00C04F79EFBC}") = "Unity.PlasticSCM.Editor", "Unity.PlasticSCM.Editor.csproj", "{0259ac76-cb80-d5eb-2c36-e9ee5a139901}"
EndProject
Project("{FAE04EC0-301F-11D3-BF4B-00C04F79EFBC}") = "Unity.VisualScripting.Core", "Unity.VisualScripting.Core.csproj", "{65e3d496-7321-c68b-daf6-5c3675c07340}"
EndProject
Project("{FAE04EC0-301F-11D3-BF4B-00C04F79EFBC}") = "Unity.VisualScripting.Core.Editor", "Unity.VisualScripting.Core.Editor.csproj", "{c3c79d0c-27cf-4949-9522-cacd140d1763}"
EndProject
Project("{FAE04EC0-301F-11D3-BF4B-00C04F79EFBC}") = "Unity.VisualScripting.Flow.Editor", "Unity.VisualScripting.Flow.Editor.csproj", "{929c54fc-9080-d5dd-cfef-16f64bd6629d}"
EndProject
Project("{FAE04EC0-301F-11D3-BF4B-00C04F79EFBC}") = "UnityEditor.TestRunner", "UnityEditor.TestRunner.csproj", "{89e6a141-d0ce-4f44-a5b1-d0f190c9f626}"
EndProject
Project("{FAE04EC0-301F-11D3-BF4B-00C04F79EFBC}") = "Unity.VisualScripting.SettingsProvider.Editor", "Unity.VisualScripting.SettingsProvider.Editor.csproj", "{f741663e-e309-c9ab-78f5-284fb548cb2f}"
EndProject
Project("{FAE04EC0-301F-11D3-BF4B-00C04F79EFBC}") = "UnityEngine.TestRunner", "UnityEngine.TestRunner.csproj", "{08b2db3b-7616-bcb6-2b07-c7b7871568a2}"
EndProject
Project("{FAE04EC0-301F-11D3-BF4B-00C04F79EFBC}") = "Unity.VisualStudio.Editor", "Unity.VisualStudio.Editor.csproj", "{110895f7-a6d8-6308-4c4a-fc557aef458e}"
EndProject
Project("{FAE04EC0-301F-11D3-BF4B-00C04F79EFBC}") = "Unity.TestTools.CodeCoverage.Editor.OpenCover.Model", "Unity.TestTools.CodeCoverage.Editor.OpenCover.Model.csproj", "{e781989b-d9b1-1c69-3d31-d02ee4bfaa71}"
EndProject
Project("{FAE04EC0-301F-11D3-BF4B-00C04F79EFBC}") = "Unity.Rider.Editor", "Unity.Rider.Editor.csproj", "{b69a8522-6d6d-5c97-9944-6e2064e13f7c}"
EndProject
Project("{FAE04EC0-301F-11D3-BF4B-00C04F79EFBC}") = "Unity.VisualScripting.State.Editor", "Unity.VisualScripting.State.Editor.csproj", "{044864b2-1619-4cf9-adda-bb5b6ecee22a}"
EndProject
Project("{FAE04EC0-301F-11D3-BF4B-00C04F79EFBC}") = "Unity.TestTools.CodeCoverage.Editor", "Unity.TestTools.CodeCoverage.Editor.csproj", "{ed250ed9-e2be-731a-d16a-f649c8c8bf2e}"
EndProject
Project("{FAE04EC0-301F-11D3-BF4B-00C04F79EFBC}") = "Unity.VisualScripting.State", "Unity.VisualScripting.State.csproj", "{d6094fb0-4968-5f1c-2441-b4b254b6f5db}"
EndProject
Project("{FAE04EC0-301F-11D3-BF4B-00C04F79EFBC}") = "Unity.TextMeshPro", "Unity.TextMeshPro.csproj", "{f70386a9-ec8b-5d93-a1c4-d3d341f7930f}"
EndProject
Project("{FAE04EC0-301F-11D3-BF4B-00C04F79EFBC}") = "Unity.Performance.Profile-Analyzer.Editor", "Unity.Performance.Profile-Analyzer.Editor.csproj", "{725cff6f-4f68-ceaa-b1ba-926236fd74d6}"
EndProject
Project("{FAE04EC0-301F-11D3-BF4B-00C04F79EFBC}") = "Unity.VSCode.Editor", "Unity.VSCode.Editor.csproj", "{99647423-1474-87a2-6c1c-c844d8377309}"
EndProject
Project("{FAE04EC0-301F-11D3-BF4B-00C04F79EFBC}") = "Unity.TestTools.CodeCoverage.Editor.OpenCover.Mono.Reflection", "Unity.TestTools.CodeCoverage.Editor.OpenCover.Mono.Reflection.csproj", "{31d0e574-3c31-b599-364a-ef25ca69fb46}"
EndProject
Project("{FAE04EC0-301F-11D3-BF4B-00C04F79EFBC}") = "Unity.Settings.Editor", "Unity.Settings.Editor.csproj", "{cb2b3635-bc8e-0302-b621-d51e3ec69fd6}"
EndProject
Project("{FAE04EC0-301F-11D3-BF4B-00C04F79EFBC}") = "Unity.EditorCoroutines.Editor", "Unity.EditorCoroutines.Editor.csproj", "{4173f199-bbc6-84e2-bfb3-1e5f819b54e8}"
EndProject
Project("{FAE04EC0-301F-11D3-BF4B-00C04F79EFBC}") = "Unity.VisualScripting.Shared.Editor", "Unity.VisualScripting.Shared.Editor.csproj", "{1b335f2e-f110-6c84-07ac-0ec3d971f8e8}"
EndProject
Project("{FAE04EC0-301F-11D3-BF4B-00C04F79EFBC}") = "Unity.CollabProxy.Editor", "Unity.CollabProxy.Editor.csproj", "{4ef24e81-c42b-11e9-c94f-89c0c33328e9}"
EndProject
Project("{FAE04EC0-301F-11D3-BF4B-00C04F79EFBC}") = "Assembly-CSharp-Editor", "Assembly-CSharp-Editor.csproj", "{6985d8fe-9258-7a42-5c02-d18cafaff991}"
EndProject
Project("{FAE04EC0-301F-11D3-BF4B-00C04F79EFBC}") = "Assembly-CSharp", "Assembly-CSharp.csproj", "{957003ee-069f-ba79-4d9e-557a72ac81d2}"
EndProject
Project("{FAE04EC0-301F-11D3-BF4B-00C04F79EFBC}") = "Unity.TestTools.CodeCoverage.Editor.Compatibility", "Unity.TestTools.CodeCoverage.Editor.Compatibility.csproj", "{c79ce28c-b82a-7db8-2d7a-4c587ad1c360}"
EndProject
Project("{FAE04EC0-301F-11D3-BF4B-00C04F79EFBC}") = "Unity.TextMeshPro.Editor.Tests", "Unity.TextMeshPro.Editor.Tests.csproj", "{059c8f54-ccab-1867-f401-32750a2de507}"
EndProject
Project("{FAE04EC0-301F-11D3-BF4B-00C04F79EFBC}") = "DocCodeExamples", "DocCodeExamples.csproj", "{87dc46d5-0542-9db2-c892-f679f3945b49}"
EndProject
Project("{FAE04EC0-301F-11D3-BF4B-00C04F79EFBC}") = "Unity.Performance.Profile-Analyzer.EditorTests", "Unity.Performance.Profile-Analyzer.EditorTests.csproj", "{6aec5f3b-a314-a93c-e389-f2bfd81e10f8}"
EndProject
Project("{FAE04EC0-301F-11D3-BF4B-00C04F79EFBC}") = "Unity.Settings.Tests", "Unity.Settings.Tests.csproj", "{07b1f56f-9963-54d8-07b7-9cf94a095352}"
EndProject
Project("{FAE04EC0-301F-11D3-BF4B-00C04F79EFBC}") = "Unity.TextMeshPro.Tests", "Unity.TextMeshPro.Tests.csproj", "{766bf359-a372-169d-b988-54e592bd6c29}"
EndProject
Global
	GlobalSection(SolutionConfigurationPlatforms) = preSolution
		Debug|Any CPU = Debug|Any CPU
	EndGlobalSection
	GlobalSection(ProjectConfigurationPlatforms) = postSolution
		{7bfac56c-6970-184a-ba0a-153abdc36b95}.Debug|Any CPU.ActiveCfg = Debug|Any CPU
		{7bfac56c-6970-184a-ba0a-153abdc36b95}.Debug|Any CPU.Build.0 = Debug|Any CPU
		{000adccc-dba1-ae79-fc3b-717b0aad8206}.Debug|Any CPU.ActiveCfg = Debug|Any CPU
		{000adccc-dba1-ae79-fc3b-717b0aad8206}.Debug|Any CPU.Build.0 = Debug|Any CPU
		{9b2327cd-3fde-82f4-d44b-dc8a51036994}.Debug|Any CPU.ActiveCfg = Debug|Any CPU
		{9b2327cd-3fde-82f4-d44b-dc8a51036994}.Debug|Any CPU.Build.0 = Debug|Any CPU
		{c87f7cf2-2f88-9db7-b7c7-ec0c1e1db69e}.Debug|Any CPU.ActiveCfg = Debug|Any CPU
		{c87f7cf2-2f88-9db7-b7c7-ec0c1e1db69e}.Debug|Any CPU.Build.0 = Debug|Any CPU
		{0259ac76-cb80-d5eb-2c36-e9ee5a139901}.Debug|Any CPU.ActiveCfg = Debug|Any CPU
		{0259ac76-cb80-d5eb-2c36-e9ee5a139901}.Debug|Any CPU.Build.0 = Debug|Any CPU
		{65e3d496-7321-c68b-daf6-5c3675c07340}.Debug|Any CPU.ActiveCfg = Debug|Any CPU
		{65e3d496-7321-c68b-daf6-5c3675c07340}.Debug|Any CPU.Build.0 = Debug|Any CPU
		{c3c79d0c-27cf-4949-9522-cacd140d1763}.Debug|Any CPU.ActiveCfg = Debug|Any CPU
		{c3c79d0c-27cf-4949-9522-cacd140d1763}.Debug|Any CPU.Build.0 = Debug|Any CPU
		{929c54fc-9080-d5dd-cfef-16f64bd6629d}.Debug|Any CPU.ActiveCfg = Debug|Any CPU
		{929c54fc-9080-d5dd-cfef-16f64bd6629d}.Debug|Any CPU.Build.0 = Debug|Any CPU
		{89e6a141-d0ce-4f44-a5b1-d0f190c9f626}.Debug|Any CPU.ActiveCfg = Debug|Any CPU
		{89e6a141-d0ce-4f44-a5b1-d0f190c9f626}.Debug|Any CPU.Build.0 = Debug|Any CPU
		{f741663e-e309-c9ab-78f5-284fb548cb2f}.Debug|Any CPU.ActiveCfg = Debug|Any CPU
		{f741663e-e309-c9ab-78f5-284fb548cb2f}.Debug|Any CPU.Build.0 = Debug|Any CPU
		{08b2db3b-7616-bcb6-2b07-c7b7871568a2}.Debug|Any CPU.ActiveCfg = Debug|Any CPU
		{08b2db3b-7616-bcb6-2b07-c7b7871568a2}.Debug|Any CPU.Build.0 = Debug|Any CPU
		{110895f7-a6d8-6308-4c4a-fc557aef458e}.Debug|Any CPU.ActiveCfg = Debug|Any CPU
		{110895f7-a6d8-6308-4c4a-fc557aef458e}.Debug|Any CPU.Build.0 = Debug|Any CPU
		{e781989b-d9b1-1c69-3d31-d02ee4bfaa71}.Debug|Any CPU.ActiveCfg = Debug|Any CPU
		{e781989b-d9b1-1c69-3d31-d02ee4bfaa71}.Debug|Any CPU.Build.0 = Debug|Any CPU
		{b69a8522-6d6d-5c97-9944-6e2064e13f7c}.Debug|Any CPU.ActiveCfg = Debug|Any CPU
		{b69a8522-6d6d-5c97-9944-6e2064e13f7c}.Debug|Any CPU.Build.0 = Debug|Any CPU
		{044864b2-1619-4cf9-adda-bb5b6ecee22a}.Debug|Any CPU.ActiveCfg = Debug|Any CPU
		{044864b2-1619-4cf9-adda-bb5b6ecee22a}.Debug|Any CPU.Build.0 = Debug|Any CPU
		{ed250ed9-e2be-731a-d16a-f649c8c8bf2e}.Debug|Any CPU.ActiveCfg = Debug|Any CPU
		{ed250ed9-e2be-731a-d16a-f649c8c8bf2e}.Debug|Any CPU.Build.0 = Debug|Any CPU
		{d6094fb0-4968-5f1c-2441-b4b254b6f5db}.Debug|Any CPU.ActiveCfg = Debug|Any CPU
		{d6094fb0-4968-5f1c-2441-b4b254b6f5db}.Debug|Any CPU.Build.0 = Debug|Any CPU
		{f70386a9-ec8b-5d93-a1c4-d3d341f7930f}.Debug|Any CPU.ActiveCfg = Debug|Any CPU
		{f70386a9-ec8b-5d93-a1c4-d3d341f7930f}.Debug|Any CPU.Build.0 = Debug|Any CPU
		{725cff6f-4f68-ceaa-b1ba-926236fd74d6}.Debug|Any CPU.ActiveCfg = Debug|Any CPU
		{725cff6f-4f68-ceaa-b1ba-926236fd74d6}.Debug|Any CPU.Build.0 = Debug|Any CPU
		{99647423-1474-87a2-6c1c-c844d8377309}.Debug|Any CPU.ActiveCfg = Debug|Any CPU
		{99647423-1474-87a2-6c1c-c844d8377309}.Debug|Any CPU.Build.0 = Debug|Any CPU
		{31d0e574-3c31-b599-364a-ef25ca69fb46}.Debug|Any CPU.ActiveCfg = Debug|Any CPU
		{31d0e574-3c31-b599-364a-ef25ca69fb46}.Debug|Any CPU.Build.0 = Debug|Any CPU
		{cb2b3635-bc8e-0302-b621-d51e3ec69fd6}.Debug|Any CPU.ActiveCfg = Debug|Any CPU
		{cb2b3635-bc8e-0302-b621-d51e3ec69fd6}.Debug|Any CPU.Build.0 = Debug|Any CPU
		{4173f199-bbc6-84e2-bfb3-1e5f819b54e8}.Debug|Any CPU.ActiveCfg = Debug|Any CPU
		{4173f199-bbc6-84e2-bfb3-1e5f819b54e8}.Debug|Any CPU.Build.0 = Debug|Any CPU
		{1b335f2e-f110-6c84-07ac-0ec3d971f8e8}.Debug|Any CPU.ActiveCfg = Debug|Any CPU
		{1b335f2e-f110-6c84-07ac-0ec3d971f8e8}.Debug|Any CPU.Build.0 = Debug|Any CPU
		{4ef24e81-c42b-11e9-c94f-89c0c33328e9}.Debug|Any CPU.ActiveCfg = Debug|Any CPU
		{4ef24e81-c42b-11e9-c94f-89c0c33328e9}.Debug|Any CPU.Build.0 = Debug|Any CPU
		{6985d8fe-9258-7a42-5c02-d18cafaff991}.Debug|Any CPU.ActiveCfg = Debug|Any CPU
		{6985d8fe-9258-7a42-5c02-d18cafaff991}.Debug|Any CPU.Build.0 = Debug|Any CPU
		{957003ee-069f-ba79-4d9e-557a72ac81d2}.Debug|Any CPU.ActiveCfg = Debug|Any CPU
		{957003ee-069f-ba79-4d9e-557a72ac81d2}.Debug|Any CPU.Build.0 = Debug|Any CPU
		{c79ce28c-b82a-7db8-2d7a-4c587ad1c360}.Debug|Any CPU.ActiveCfg = Debug|Any CPU
		{c79ce28c-b82a-7db8-2d7a-4c587ad1c360}.Debug|Any CPU.Build.0 = Debug|Any CPU
		{059c8f54-ccab-1867-f401-32750a2de507}.Debug|Any CPU.ActiveCfg = Debug|Any CPU
		{059c8f54-ccab-1867-f401-32750a2de507}.Debug|Any CPU.Build.0 = Debug|Any CPU
		{87dc46d5-0542-9db2-c892-f679f3945b49}.Debug|Any CPU.ActiveCfg = Debug|Any CPU
		{87dc46d5-0542-9db2-c892-f679f3945b49}.Debug|Any CPU.Build.0 = Debug|Any CPU
		{6aec5f3b-a314-a93c-e389-f2bfd81e10f8}.Debug|Any CPU.ActiveCfg = Debug|Any CPU
		{6aec5f3b-a314-a93c-e389-f2bfd81e10f8}.Debug|Any CPU.Build.0 = Debug|Any CPU
		{07b1f56f-9963-54d8-07b7-9cf94a095352}.Debug|Any CPU.ActiveCfg = Debug|Any CPU
		{07b1f56f-9963-54d8-07b7-9cf94a095352}.Debug|Any CPU.Build.0 = Debug|Any CPU
		{766bf359-a372-169d-b988-54e592bd6c29}.Debug|Any CPU.ActiveCfg = Debug|Any CPU
		{766bf359-a372-169d-b988-54e592bd6c29}.Debug|Any CPU.Build.0 = Debug|Any CPU
	EndGlobalSection
	GlobalSection(SolutionProperties) = preSolution
		HideSolutionNode = FALSE
	EndGlobalSection
EndGlobal
